
Microsoft Visual Studio Solution File, Format Version 12.00
Project("{FAE04EC0-301F-11D3-BF4B-00C04F79EFBC}") = "KS.Fiks.IO.Crypto", "KS.Fiks.IO.Crypto\KS.Fiks.IO.Crypto.csproj", "{DDBB2EDA-C1DD-471F-9D82-568138C424FA}"
EndProject
Project("{FAE04EC0-301F-11D3-BF4B-00C04F79EFBC}") = "KS.Fiks.IO.Crypto.Tests", "KS.Fiks.IO.Crypto.Tests\KS.Fiks.IO.Crypto.Tests.csproj", "{037A0089-DE7A-499C-9912-CCBEA3BD5092}"
EndProject
Global
	GlobalSection(SolutionConfigurationPlatforms) = preSolution
		Debug|Any CPU = Debug|Any CPU
		Release|Any CPU = Release|Any CPU
	EndGlobalSection
	GlobalSection(ProjectConfigurationPlatforms) = postSolution
		{DDBB2EDA-C1DD-471F-9D82-568138C424FA}.Debug|Any CPU.ActiveCfg = Debug|Any CPU
		{DDBB2EDA-C1DD-471F-9D82-568138C424FA}.Debug|Any CPU.Build.0 = Debug|Any CPU
		{DDBB2EDA-C1DD-471F-9D82-568138C424FA}.Release|Any CPU.ActiveCfg = Release|Any CPU
		{DDBB2EDA-C1DD-471F-9D82-568138C424FA}.Release|Any CPU.Build.0 = Release|Any CPU
		{037A0089-DE7A-499C-9912-CCBEA3BD5092}.Debug|Any CPU.ActiveCfg = Debug|Any CPU
		{037A0089-DE7A-499C-9912-CCBEA3BD5092}.Debug|Any CPU.Build.0 = Debug|Any CPU
		{037A0089-DE7A-499C-9912-CCBEA3BD5092}.Release|Any CPU.ActiveCfg = Release|Any CPU
		{037A0089-DE7A-499C-9912-CCBEA3BD5092}.Release|Any CPU.Build.0 = Release|Any CPU
	EndGlobalSection
EndGlobal
